
Microsoft Visual Studio Solution File, Format Version 12.00
# Visual Studio 15
VisualStudioVersion = 15.0.28307.572
MinimumVisualStudioVersion = 10.0.40219.1
Project("{FAE04EC0-301F-11D3-BF4B-00C04F79EFBC}") = "OutlookEvents", "OutlookEvents.csproj", "{2B52B597-52E8-4CD1-AB1F-1E9172DEA733}"
EndProject
Global
	GlobalSection(SolutionConfigurationPlatforms) = preSolution
		Debug|Any CPU = Debug|Any CPU
		Release|Any CPU = Release|Any CPU
	EndGlobalSection
	GlobalSection(ProjectConfigurationPlatforms) = postSolution
		{2B52B597-52E8-4CD1-AB1F-1E9172DEA733}.Debug|Any CPU.ActiveCfg = Debug|Any CPU
		{2B52B597-52E8-4CD1-AB1F-1E9172DEA733}.Debug|Any CPU.Build.0 = Debug|Any CPU
		{2B52B597-52E8-4CD1-AB1F-1E9172DEA733}.Release|Any CPU.ActiveCfg = Release|Any CPU
		{2B52B597-52E8-4CD1-AB1F-1E9172DEA733}.Release|Any CPU.Build.0 = Release|Any CPU
	EndGlobalSection
	GlobalSection(SolutionProperties) = preSolution
		HideSolutionNode = FALSE
	EndGlobalSection
	GlobalSection(ExtensibilityGlobals) = postSolution
		SolutionGuid = {BB6F721D-D262-4C18-8E96-2AFDE2C215D3}
	EndGlobalSection
EndGlobal
